
Microsoft Visual Studio Solution File, Format Version 12.00
# Visual Studio Version 16
VisualStudioVersion = 16.0.29728.190
MinimumVisualStudioVersion = 10.0.40219.1
Project("{9A19103F-16F7-4668-BE54-9A1E7A4F7556}") = "TradeMeWebUIAutomationFramework", "TradeMeWebUIAutomationFramework\TradeMeWebUIAutomationFramework.csproj", "{C218F3AE-13CB-4923-B4CD-42F55FF07BA2}"
EndProject
Project("{9A19103F-16F7-4668-BE54-9A1E7A4F7556}") = "TradeMeAPIAutomationFramework", "TradeMeAPIAutomationFramework\TradeMeAutomationFramework\TradeMeAPIAutomationFramework.csproj", "{D89D54CE-B632-4E08-AFFF-47BCD13FCBD2}"
EndProject
Global
	GlobalSection(SolutionConfigurationPlatforms) = preSolution
		Debug|Any CPU = Debug|Any CPU
		Release|Any CPU = Release|Any CPU
	EndGlobalSection
	GlobalSection(ProjectConfigurationPlatforms) = postSolution
		{C218F3AE-13CB-4923-B4CD-42F55FF07BA2}.Debug|Any CPU.ActiveCfg = Debug|Any CPU
		{C218F3AE-13CB-4923-B4CD-42F55FF07BA2}.Debug|Any CPU.Build.0 = Debug|Any CPU
		{C218F3AE-13CB-4923-B4CD-42F55FF07BA2}.Release|Any CPU.ActiveCfg = Release|Any CPU
		{C218F3AE-13CB-4923-B4CD-42F55FF07BA2}.Release|Any CPU.Build.0 = Release|Any CPU
		{D89D54CE-B632-4E08-AFFF-47BCD13FCBD2}.Debug|Any CPU.ActiveCfg = Debug|Any CPU
		{D89D54CE-B632-4E08-AFFF-47BCD13FCBD2}.Debug|Any CPU.Build.0 = Debug|Any CPU
		{D89D54CE-B632-4E08-AFFF-47BCD13FCBD2}.Release|Any CPU.ActiveCfg = Release|Any CPU
		{D89D54CE-B632-4E08-AFFF-47BCD13FCBD2}.Release|Any CPU.Build.0 = Release|Any CPU
	EndGlobalSection
	GlobalSection(SolutionProperties) = preSolution
		HideSolutionNode = FALSE
	EndGlobalSection
	GlobalSection(ExtensibilityGlobals) = postSolution
		SolutionGuid = {E596F651-B920-44DE-AB0D-9B65C03098BF}
	EndGlobalSection
EndGlobal
